
Microsoft Visual Studio Solution File, Format Version 12.00
# Visual Studio Version 17
VisualStudioVersion = 17.3.32901.215
MinimumVisualStudioVersion = 10.0.40219.1
Project("{FAE04EC0-301F-11D3-BF4B-00C04F79EFBC}") = "bin_soubory_ukol2", "bin_soubory_ukol2\bin_soubory_ukol2.csproj", "{8ECA5930-2B36-4301-9B09-97465284262E}"
EndProject
Global
	GlobalSection(SolutionConfigurationPlatforms) = preSolution
		Debug|Any CPU = Debug|Any CPU
		Release|Any CPU = Release|Any CPU
	EndGlobalSection
	GlobalSection(ProjectConfigurationPlatforms) = postSolution
		{8ECA5930-2B36-4301-9B09-97465284262E}.Debug|Any CPU.ActiveCfg = Debug|Any CPU
		{8ECA5930-2B36-4301-9B09-97465284262E}.Debug|Any CPU.Build.0 = Debug|Any CPU
		{8ECA5930-2B36-4301-9B09-97465284262E}.Release|Any CPU.ActiveCfg = Release|Any CPU
		{8ECA5930-2B36-4301-9B09-97465284262E}.Release|Any CPU.Build.0 = Release|Any CPU
	EndGlobalSection
	GlobalSection(SolutionProperties) = preSolution
		HideSolutionNode = FALSE
	EndGlobalSection
	GlobalSection(ExtensibilityGlobals) = postSolution
		SolutionGuid = {C762A745-EE8C-4407-B7C7-8891155CF11E}
	EndGlobalSection
EndGlobal
